
Microsoft Visual Studio Solution File, Format Version 12.00
# Visual Studio Version 16
VisualStudioVersion = 16.0.30114.105
MinimumVisualStudioVersion = 10.0.40219.1
Project("{FAE04EC0-301F-11D3-BF4B-00C04F79EFBC}") = "TrainR", "TrainR.csproj", "{102ED55D-9324-4E41-BD65-DA38CDADFE64}"
EndProject
Global
	GlobalSection(SolutionConfigurationPlatforms) = preSolution
		Debug|Any CPU = Debug|Any CPU
		Release|Any CPU = Release|Any CPU
	EndGlobalSection
	GlobalSection(ProjectConfigurationPlatforms) = postSolution
		{102ED55D-9324-4E41-BD65-DA38CDADFE64}.Debug|Any CPU.ActiveCfg = Debug|Any CPU
		{102ED55D-9324-4E41-BD65-DA38CDADFE64}.Debug|Any CPU.Build.0 = Debug|Any CPU
		{102ED55D-9324-4E41-BD65-DA38CDADFE64}.Release|Any CPU.ActiveCfg = Release|Any CPU
		{102ED55D-9324-4E41-BD65-DA38CDADFE64}.Release|Any CPU.Build.0 = Release|Any CPU
	EndGlobalSection
	GlobalSection(SolutionProperties) = preSolution
		HideSolutionNode = FALSE
	EndGlobalSection
	GlobalSection(ExtensibilityGlobals) = postSolution
		SolutionGuid = {E3258048-2DC6-4A6F-B05B-4B8A8757985F}
	EndGlobalSection
EndGlobal
